// !$*UTF8*$!
{
	archiveVersion = 1;
	classes = {
	};
	objectVersion = 56;
	objects = {

/* Begin PBXBuildFile section */
		D40E2EDB2CF2DA17009BFE82 /* SwiftDataCascadeBugApp.swift in Sources */ = {isa = PBXBuildFile; fileRef = D40E2EDA2CF2DA17009BFE82 /* SwiftDataCascadeBugApp.swift */; };
		D40E2EDD2CF2DA17009BFE82 /* AutoSavingContentView.swift in Sources */ = {isa = PBXBuildFile; fileRef = D40E2EDC2CF2DA17009BFE82 /* AutoSavingContentView.swift */; };
		D40E2EDF2CF2DA17009BFE82 /* Assets.xcassets in Resources */ = {isa = PBXBuildFile; fileRef = D40E2EDE2CF2DA17009BFE82 /* Assets.xcassets */; };
		D40E2EE22CF2DA17009BFE82 /* Preview Assets.xcassets in Resources */ = {isa = PBXBuildFile; fileRef = D40E2EE12CF2DA17009BFE82 /* Preview Assets.xcassets */; };
		D40E2EF12CF2DCD3009BFE82 /* Folder.swift in Sources */ = {isa = PBXBuildFile; fileRef = D40E2EF02CF2DCD3009BFE82 /* Folder.swift */; };
		D40E2EF32CF2DCD8009BFE82 /* Item.swift in Sources */ = {isa = PBXBuildFile; fileRef = D40E2EF22CF2DCD8009BFE82 /* Item.swift */; };
		D40E2EF52CF2DD2C009BFE82 /* NavButtonViewModifier.swift in Sources */ = {isa = PBXBuildFile; fileRef = D40E2EF42CF2DD2C009BFE82 /* NavButtonViewModifier.swift */; };
		D40E2EF72CF2DD4F009BFE82 /* FolderDetailView.swift in Sources */ = {isa = PBXBuildFile; fileRef = D40E2EF62CF2DD4F009BFE82 /* FolderDetailView.swift */; };
		D40E2EF92CF2DD7C009BFE82 /* FolderListView.swift in Sources */ = {isa = PBXBuildFile; fileRef = D40E2EF82CF2DD7C009BFE82 /* FolderListView.swift */; };
		D40E2EFB2CF2DDFC009BFE82 /* ManualSavingContentView.swift in Sources */ = {isa = PBXBuildFile; fileRef = D40E2EFA2CF2DDFC009BFE82 /* ManualSavingContentView.swift */; };
/* End PBXBuildFile section */

/* Begin PBXFileReference section */
		D40E2ED72CF2DA17009BFE82 /* SwiftDataCascadeBug.app */ = {isa = PBXFileReference; explicitFileType = wrapper.application; includeInIndex = 0; path = SwiftDataCascadeBug.app; sourceTree = BUILT_PRODUCTS_DIR; };
		D40E2EDA2CF2DA17009BFE82 /* SwiftDataCascadeBugApp.swift */ = {isa = PBXFileReference; lastKnownFileType = sourcecode.swift; path = SwiftDataCascadeBugApp.swift; sourceTree = "<group>"; };
		D40E2EDC2CF2DA17009BFE82 /* AutoSavingContentView.swift */ = {isa = PBXFileReference; lastKnownFileType = sourcecode.swift; path = AutoSavingContentView.swift; sourceTree = "<group>"; };
		D40E2EDE2CF2DA17009BFE82 /* Assets.xcassets */ = {isa = PBXFileReference; lastKnownFileType = folder.assetcatalog; path = Assets.xcassets; sourceTree = "<group>"; };
		D40E2EE12CF2DA17009BFE82 /* Preview Assets.xcassets */ = {isa = PBXFileReference; lastKnownFileType = folder.assetcatalog; path = "Preview Assets.xcassets"; sourceTree = "<group>"; };
		D40E2EF02CF2DCD3009BFE82 /* Folder.swift */ = {isa = PBXFileReference; lastKnownFileType = sourcecode.swift; path = Folder.swift; sourceTree = "<group>"; };
		D40E2EF22CF2DCD8009BFE82 /* Item.swift */ = {isa = PBXFileReference; lastKnownFileType = sourcecode.swift; path = Item.swift; sourceTree = "<group>"; };
		D40E2EF42CF2DD2C009BFE82 /* NavButtonViewModifier.swift */ = {isa = PBXFileReference; lastKnownFileType = sourcecode.swift; path = NavButtonViewModifier.swift; sourceTree = "<group>"; };
		D40E2EF62CF2DD4F009BFE82 /* FolderDetailView.swift */ = {isa = PBXFileReference; lastKnownFileType = sourcecode.swift; path = FolderDetailView.swift; sourceTree = "<group>"; };
		D40E2EF82CF2DD7C009BFE82 /* FolderListView.swift */ = {isa = PBXFileReference; lastKnownFileType = sourcecode.swift; path = FolderListView.swift; sourceTree = "<group>"; };
		D40E2EFA2CF2DDFC009BFE82 /* ManualSavingContentView.swift */ = {isa = PBXFileReference; lastKnownFileType = sourcecode.swift; path = ManualSavingContentView.swift; sourceTree = "<group>"; };
/* End PBXFileReference section */

/* Begin PBXFrameworksBuildPhase section */
		D40E2ED42CF2DA17009BFE82 /* Frameworks */ = {
			isa = PBXFrameworksBuildPhase;
			buildActionMask = 2147483647;
			files = (
			);
			runOnlyForDeploymentPostprocessing = 0;
		};
/* End PBXFrameworksBuildPhase section */

/* Begin PBXGroup section */
		D40E2ECE2CF2DA17009BFE82 = {
			isa = PBXGroup;
			children = (
				D40E2ED92CF2DA17009BFE82 /* SwiftDataCascadeBug */,
				D40E2ED82CF2DA17009BFE82 /* Products */,
			);
			sourceTree = "<group>";
		};
		D40E2ED82CF2DA17009BFE82 /* Products */ = {
			isa = PBXGroup;
			children = (
				D40E2ED72CF2DA17009BFE82 /* SwiftDataCascadeBug.app */,
			);
			name = Products;
			sourceTree = "<group>";
		};
		D40E2ED92CF2DA17009BFE82 /* SwiftDataCascadeBug */ = {
			isa = PBXGroup;
			children = (
				D40E2EE82CF2DC36009BFE82 /* Sources */,
				D40E2EE92CF2DC3A009BFE82 /* Resources */,
				D40E2EE02CF2DA17009BFE82 /* Preview Content */,
			);
			path = SwiftDataCascadeBug;
			sourceTree = "<group>";
		};
		D40E2EE02CF2DA17009BFE82 /* Preview Content */ = {
			isa = PBXGroup;
			children = (
				D40E2EE12CF2DA17009BFE82 /* Preview Assets.xcassets */,
			);
			path = "Preview Content";
			sourceTree = "<group>";
		};
		D40E2EE82CF2DC36009BFE82 /* Sources */ = {
			isa = PBXGroup;
			children = (
				D40E2EEA2CF2DC46009BFE82 /* App */,
				D40E2EEC2CF2DC68009BFE82 /* Model */,
				D40E2EEB2CF2DC4C009BFE82 /* UI */,
			);
			path = Sources;
			sourceTree = "<group>";
		};
		D40E2EE92CF2DC3A009BFE82 /* Resources */ = {
			isa = PBXGroup;
			children = (
				D40E2EDE2CF2DA17009BFE82 /* Assets.xcassets */,
			);
			path = Resources;
			sourceTree = "<group>";
		};
		D40E2EEA2CF2DC46009BFE82 /* App */ = {
			isa = PBXGroup;
			children = (
				D40E2EDA2CF2DA17009BFE82 /* SwiftDataCascadeBugApp.swift */,
			);
			path = App;
			sourceTree = "<group>";
		};
		D40E2EEB2CF2DC4C009BFE82 /* UI */ = {
			isa = PBXGroup;
			children = (
				D40E2EED2CF2DC90009BFE82 /* AutoSave */,
				D40E2EEE2CF2DC94009BFE82 /* ManualSave */,
				D40E2EEF2CF2DC98009BFE82 /* Shared */,
			);
			path = UI;
			sourceTree = "<group>";
		};
		D40E2EEC2CF2DC68009BFE82 /* Model */ = {
			isa = PBXGroup;
			children = (
				D40E2EF02CF2DCD3009BFE82 /* Folder.swift */,
				D40E2EF22CF2DCD8009BFE82 /* Item.swift */,
			);
			path = Model;
			sourceTree = "<group>";
		};
		D40E2EED2CF2DC90009BFE82 /* AutoSave */ = {
			isa = PBXGroup;
			children = (
				D40E2EDC2CF2DA17009BFE82 /* AutoSavingContentView.swift */,
			);
			path = AutoSave;
			sourceTree = "<group>";
		};
		D40E2EEE2CF2DC94009BFE82 /* ManualSave */ = {
			isa = PBXGroup;
			children = (
				D40E2EFA2CF2DDFC009BFE82 /* ManualSavingContentView.swift */,
			);
			path = ManualSave;
			sourceTree = "<group>";
		};
		D40E2EEF2CF2DC98009BFE82 /* Shared */ = {
			isa = PBXGroup;
			children = (
				D40E2EF42CF2DD2C009BFE82 /* NavButtonViewModifier.swift */,
				D40E2EF62CF2DD4F009BFE82 /* FolderDetailView.swift */,
				D40E2EF82CF2DD7C009BFE82 /* FolderListView.swift */,
			);
			path = Shared;
			sourceTree = "<group>";
		};
/* End PBXGroup section */

/* Begin PBXNativeTarget section */
		D40E2ED62CF2DA17009BFE82 /* SwiftDataCascadeBug */ = {
			isa = PBXNativeTarget;
			buildConfigurationList = D40E2EE52CF2DA17009BFE82 /* Build configuration list for PBXNativeTarget "SwiftDataCascadeBug" */;
			buildPhases = (
				D40E2ED32CF2DA17009BFE82 /* Sources */,
				D40E2ED42CF2DA17009BFE82 /* Frameworks */,
				D40E2ED52CF2DA17009BFE82 /* Resources */,
			);
			buildRules = (
			);
			dependencies = (
			);
			name = SwiftDataCascadeBug;
			productName = SwiftDataCascadeBug;
			productReference = D40E2ED72CF2DA17009BFE82 /* SwiftDataCascadeBug.app */;
			productType = "com.apple.product-type.application";
		};
/* End PBXNativeTarget section */

/* Begin PBXProject section */
		D40E2ECF2CF2DA17009BFE82 /* Project object */ = {
			isa = PBXProject;
			attributes = {
				BuildIndependentTargetsInParallel = 1;
				LastSwiftUpdateCheck = 1510;
				LastUpgradeCheck = 1510;
				TargetAttributes = {
					D40E2ED62CF2DA17009BFE82 = {
						CreatedOnToolsVersion = 15.1;
					};
				};
			};
			buildConfigurationList = D40E2ED22CF2DA17009BFE82 /* Build configuration list for PBXProject "SwiftDataCascadeBug" */;
			compatibilityVersion = "Xcode 14.0";
			developmentRegion = en;
			hasScannedForEncodings = 0;
			knownRegions = (
				en,
				Base,
			);
			mainGroup = D40E2ECE2CF2DA17009BFE82;
			productRefGroup = D40E2ED82CF2DA17009BFE82 /* Products */;
			projectDirPath = "";
			projectRoot = "";
			targets = (
				D40E2ED62CF2DA17009BFE82 /* SwiftDataCascadeBug */,
			);
		};
/* End PBXProject section */

/* Begin PBXResourcesBuildPhase section */
		D40E2ED52CF2DA17009BFE82 /* Resources */ = {
			isa = PBXResourcesBuildPhase;
			buildActionMask = 2147483647;
			files = (
				D40E2EE22CF2DA17009BFE82 /* Preview Assets.xcassets in Resources */,
				D40E2EDF2CF2DA17009BFE82 /* Assets.xcassets in Resources */,
			);
			runOnlyForDeploymentPostprocessing = 0;
		};
/* End PBXResourcesBuildPhase section */

/* Begin PBXSourcesBuildPhase section */
		D40E2ED32CF2DA17009BFE82 /* Sources */ = {
			isa = PBXSourcesBuildPhase;
			buildActionMask = 2147483647;
			files = (
				D40E2EF52CF2DD2C009BFE82 /* NavButtonViewModifier.swift in Sources */,
				D40E2EF72CF2DD4F009BFE82 /* FolderDetailView.swift in Sources */,
				D40E2EF32CF2DCD8009BFE82 /* Item.swift in Sources */,
				D40E2EDD2CF2DA17009BFE82 /* AutoSavingContentView.swift in Sources */,
				D40E2EFB2CF2DDFC009BFE82 /* ManualSavingContentView.swift in Sources */,
				D40E2EDB2CF2DA17009BFE82 /* SwiftDataCascadeBugApp.swift in Sources */,
				D40E2EF12CF2DCD3009BFE82 /* Folder.swift in Sources */,
				D40E2EF92CF2DD7C009BFE82 /* FolderListView.swift in Sources */,
			);
			runOnlyForDeploymentPostprocessing = 0;
		};
/* End PBXSourcesBuildPhase section */

/* Begin XCBuildConfiguration section */
		D40E2EE32CF2DA17009BFE82 /* Debug */ = {
			isa = XCBuildConfiguration;
			buildSettings = {
				ALWAYS_SEARCH_USER_PATHS = NO;
				ASSETCATALOG_COMPILER_GENERATE_SWIFT_ASSET_SYMBOL_EXTENSIONS = YES;
				CLANG_ANALYZER_NONNULL = YES;
				CLANG_ANALYZER_NUMBER_OBJECT_CONVERSION = YES_AGGRESSIVE;
				CLANG_CXX_LANGUAGE_STANDARD = "gnu++20";
				CLANG_ENABLE_MODULES = YES;
				CLANG_ENABLE_OBJC_ARC = YES;
				CLANG_ENABLE_OBJC_WEAK = YES;
				CLANG_WARN_BLOCK_CAPTURE_AUTORELEASING = YES;
				CLANG_WARN_BOOL_CONVERSION = YES;
				CLANG_WARN_COMMA = YES;
				CLANG_WARN_CONSTANT_CONVERSION = YES;
				CLANG_WARN_DEPRECATED_OBJC_IMPLEMENTATIONS = YES;
				CLANG_WARN_DIRECT_OBJC_ISA_USAGE = YES_ERROR;
				CLANG_WARN_DOCUMENTATION_COMMENTS = YES;
				CLANG_WARN_EMPTY_BODY = YES;
				CLANG_WARN_ENUM_CONVERSION = YES;
				CLANG_WARN_INFINITE_RECURSION = YES;
				CLANG_WARN_INT_CONVERSION = YES;
				CLANG_WARN_NON_LITERAL_NULL_CONVERSION = YES;
				CLANG_WARN_OBJC_IMPLICIT_RETAIN_SELF = YES;
				CLANG_WARN_OBJC_LITERAL_CONVERSION = YES;
				CLANG_WARN_OBJC_ROOT_CLASS = YES_ERROR;
				CLANG_WARN_QUOTED_INCLUDE_IN_FRAMEWORK_HEADER = YES;
				CLANG_WARN_RANGE_LOOP_ANALYSIS = YES;
				CLANG_WARN_STRICT_PROTOTYPES = YES;
				CLANG_WARN_SUSPICIOUS_MOVE = YES;
				CLANG_WARN_UNGUARDED_AVAILABILITY = YES_AGGRESSIVE;
				CLANG_WARN_UNREACHABLE_CODE = YES;
				CLANG_WARN__DUPLICATE_METHOD_MATCH = YES;
				COPY_PHASE_STRIP = NO;
				DEBUG_INFORMATION_FORMAT = dwarf;
				ENABLE_STRICT_OBJC_MSGSEND = YES;
				ENABLE_TESTABILITY = YES;
				ENABLE_USER_SCRIPT_SANDBOXING = YES;
				GCC_C_LANGUAGE_STANDARD = gnu17;
				GCC_DYNAMIC_NO_PIC = NO;
				GCC_NO_COMMON_BLOCKS = YES;
				GCC_OPTIMIZATION_LEVEL = 0;
				GCC_PREPROCESSOR_DEFINITIONS = (
					"DEBUG=1",
					"$(inherited)",
				);
				GCC_WARN_64_TO_32_BIT_CONVERSION = YES;
				GCC_WARN_ABOUT_RETURN_TYPE = YES_ERROR;
				GCC_WARN_UNDECLARED_SELECTOR = YES;
				GCC_WARN_UNINITIALIZED_AUTOS = YES_AGGRESSIVE;
				GCC_WARN_UNUSED_FUNCTION = YES;
				GCC_WARN_UNUSED_VARIABLE = YES;
				IPHONEOS_DEPLOYMENT_TARGET = 17.2;
				LOCALIZATION_PREFERS_STRING_CATALOGS = YES;
				MTL_ENABLE_DEBUG_INFO = INCLUDE_SOURCE;
				MTL_FAST_MATH = YES;
				ONLY_ACTIVE_ARCH = YES;
				SDKROOT = iphoneos;
				SWIFT_ACTIVE_COMPILATION_CONDITIONS = "DEBUG $(inherited)";
				SWIFT_OPTIMIZATION_LEVEL = "-Onone";
			};
			name = Debug;
		};
		D40E2EE42CF2DA17009BFE82 /* Release */ = {
			isa = XCBuildConfiguration;
			buildSettings = {
				ALWAYS_SEARCH_USER_PATHS = NO;
				ASSETCATALOG_COMPILER_GENERATE_SWIFT_ASSET_SYMBOL_EXTENSIONS = YES;
				CLANG_ANALYZER_NONNULL = YES;
				CLANG_ANALYZER_NUMBER_OBJECT_CONVERSION = YES_AGGRESSIVE;
				CLANG_CXX_LANGUAGE_STANDARD = "gnu++20";
				CLANG_ENABLE_MODULES = YES;
				CLANG_ENABLE_OBJC_ARC = YES;
				CLANG_ENABLE_OBJC_WEAK = YES;
				CLANG_WARN_BLOCK_CAPTURE_AUTORELEASING = YES;
				CLANG_WARN_BOOL_CONVERSION = YES;
				CLANG_WARN_COMMA = YES;
				CLANG_WARN_CONSTANT_CONVERSION = YES;
				CLANG_WARN_DEPRECATED_OBJC_IMPLEMENTATIONS = YES;
				CLANG_WARN_DIRECT_OBJC_ISA_USAGE = YES_ERROR;
				CLANG_WARN_DOCUMENTATION_COMMENTS = YES;
				CLANG_WARN_EMPTY_BODY = YES;
				CLANG_WARN_ENUM_CONVERSION = YES;
				CLANG_WARN_INFINITE_RECURSION = YES;
				CLANG_WARN_INT_CONVERSION = YES;
				CLANG_WARN_NON_LITERAL_NULL_CONVERSION = YES;
				CLANG_WARN_OBJC_IMPLICIT_RETAIN_SELF = YES;
				CLANG_WARN_OBJC_LITERAL_CONVERSION = YES;
				CLANG_WARN_OBJC_ROOT_CLASS = YES_ERROR;
				CLANG_WARN_QUOTED_INCLUDE_IN_FRAMEWORK_HEADER = YES;
				CLANG_WARN_RANGE_LOOP_ANALYSIS = YES;
				CLANG_WARN_STRICT_PROTOTYPES = YES;
				CLANG_WARN_SUSPICIOUS_MOVE = YES;
				CLANG_WARN_UNGUARDED_AVAILABILITY = YES_AGGRESSIVE;
				CLANG_WARN_UNREACHABLE_CODE = YES;
				CLANG_WARN__DUPLICATE_METHOD_MATCH = YES;
				COPY_PHASE_STRIP = NO;
				DEBUG_INFORMATION_FORMAT = "dwarf-with-dsym";
				ENABLE_NS_ASSERTIONS = NO;
				ENABLE_STRICT_OBJC_MSGSEND = YES;
				ENABLE_USER_SCRIPT_SANDBOXING = YES;
				GCC_C_LANGUAGE_STANDARD = gnu17;
				GCC_NO_COMMON_BLOCKS = YES;
				GCC_WARN_64_TO_32_BIT_CONVERSION = YES;
				GCC_WARN_ABOUT_RETURN_TYPE = YES_ERROR;
				GCC_WARN_UNDECLARED_SELECTOR = YES;
				GCC_WARN_UNINITIALIZED_AUTOS = YES_AGGRESSIVE;
				GCC_WARN_UNUSED_FUNCTION = YES;
				GCC_WARN_UNUSED_VARIABLE = YES;
				IPHONEOS_DEPLOYMENT_TARGET = 17.2;
				LOCALIZATION_PREFERS_STRING_CATALOGS = YES;
				MTL_ENABLE_DEBUG_INFO = NO;
				MTL_FAST_MATH = YES;
				SDKROOT = iphoneos;
				SWIFT_COMPILATION_MODE = wholemodule;
				VALIDATE_PRODUCT = YES;
			};
			name = Release;
		};
		D40E2EE62CF2DA17009BFE82 /* Debug */ = {
			isa = XCBuildConfiguration;
			buildSettings = {
				ASSETCATALOG_COMPILER_APPICON_NAME = AppIcon;
				ASSETCATALOG_COMPILER_GLOBAL_ACCENT_COLOR_NAME = AccentColor;
				CODE_SIGN_STYLE = Automatic;
				CURRENT_PROJECT_VERSION = 1;
				DEVELOPMENT_ASSET_PATHS = "\"SwiftDataCascadeBug/Preview Content\"";
				DEVELOPMENT_TEAM = R8SJ24LQF3;
				ENABLE_PREVIEWS = YES;
				GENERATE_INFOPLIST_FILE = YES;
				INFOPLIST_KEY_UIApplicationSceneManifest_Generation = YES;
				INFOPLIST_KEY_UIApplicationSupportsIndirectInputEvents = YES;
				INFOPLIST_KEY_UILaunchScreen_Generation = YES;
				INFOPLIST_KEY_UISupportedInterfaceOrientations_iPad = "UIInterfaceOrientationPortrait UIInterfaceOrientationPortraitUpsideDown UIInterfaceOrientationLandscapeLeft UIInterfaceOrientationLandscapeRight";
				INFOPLIST_KEY_UISupportedInterfaceOrientations_iPhone = "UIInterfaceOrientationPortrait UIInterfaceOrientationLandscapeLeft UIInterfaceOrientationLandscapeRight";
				LD_RUNPATH_SEARCH_PATHS = (
					"$(inherited)",
					"@executable_path/Frameworks",
				);
				MARKETING_VERSION = 1.0;
				PRODUCT_BUNDLE_IDENTIFIER = com.nobadi.SwiftDataCascadeBug;
				PRODUCT_NAME = "$(TARGET_NAME)";
				SWIFT_EMIT_LOC_STRINGS = YES;
				SWIFT_VERSION = 5.0;
				TARGETED_DEVICE_FAMILY = "1,2";
			};
			name = Debug;
		};
		D40E2EE72CF2DA17009BFE82 /* Release */ = {
			isa = XCBuildConfiguration;
			buildSettings = {
				ASSETCATALOG_COMPILER_APPICON_NAME = AppIcon;
				ASSETCATALOG_COMPILER_GLOBAL_ACCENT_COLOR_NAME = AccentColor;
				CODE_SIGN_STYLE = Automatic;
				CURRENT_PROJECT_VERSION = 1;
				DEVELOPMENT_ASSET_PATHS = "\"SwiftDataCascadeBug/Preview Content\"";
				DEVELOPMENT_TEAM = R8SJ24LQF3;
				ENABLE_PREVIEWS = YES;
				GENERATE_INFOPLIST_FILE = YES;
				INFOPLIST_KEY_UIApplicationSceneManifest_Generation = YES;
				INFOPLIST_KEY_UIApplicationSupportsIndirectInputEvents = YES;
				INFOPLIST_KEY_UILaunchScreen_Generation = YES;
				INFOPLIST_KEY_UISupportedInterfaceOrientations_iPad = "UIInterfaceOrientationPortrait UIInterfaceOrientationPortraitUpsideDown UIInterfaceOrientationLandscapeLeft UIInterfaceOrientationLandscapeRight";
				INFOPLIST_KEY_UISupportedInterfaceOrientations_iPhone = "UIInterfaceOrientationPortrait UIInterfaceOrientationLandscapeLeft UIInterfaceOrientationLandscapeRight";
				LD_RUNPATH_SEARCH_PATHS = (
					"$(inherited)",
					"@executable_path/Frameworks",
				);
				MARKETING_VERSION = 1.0;
				PRODUCT_BUNDLE_IDENTIFIER = com.nobadi.SwiftDataCascadeBug;
				PRODUCT_NAME = "$(TARGET_NAME)";
				SWIFT_EMIT_LOC_STRINGS = YES;
				SWIFT_VERSION = 5.0;
				TARGETED_DEVICE_FAMILY = "1,2";
			};
			name = Release;
		};
/* End XCBuildConfiguration section */

/* Begin XCConfigurationList section */
		D40E2ED22CF2DA17009BFE82 /* Build configuration list for PBXProject "SwiftDataCascadeBug" */ = {
			isa = XCConfigurationList;
			buildConfigurations = (
				D40E2EE32CF2DA17009BFE82 /* Debug */,
				D40E2EE42CF2DA17009BFE82 /* Release */,
			);
			defaultConfigurationIsVisible = 0;
			defaultConfigurationName = Release;
		};
		D40E2EE52CF2DA17009BFE82 /* Build configuration list for PBXNativeTarget "SwiftDataCascadeBug" */ = {
			isa = XCConfigurationList;
			buildConfigurations = (
				D40E2EE62CF2DA17009BFE82 /* Debug */,
				D40E2EE72CF2DA17009BFE82 /* Release */,
			);
			defaultConfigurationIsVisible = 0;
			defaultConfigurationName = Release;
		};
/* End XCConfigurationList section */
	};
	rootObject = D40E2ECF2CF2DA17009BFE82 /* Project object */;
}
